{
  "name": "@flipia/miniprogram",
  "version": "0.0.1",
  "lockfileVersion": 3,
  "requires": true,
  "packages": {
    "": {
      "name": "@flipia/miniprogram",
      "version": "0.0.1",
      "dependencies": {
        "js-base64": "^3.9.1"
      },
      "devDependencies": {
        "miniprogram-api-typings": "~5.2.1"
      }
    },
    "../node_modules/.pnpm/miniprogram-api-typings@5.2.1/node_modules/miniprogram-api-typings": {
      "version": "5.2.1",
      "dev": true,
      "license": "MIT",
      "devDependencies": {
        "@typescript-eslint/eslint-plugin": "^6.21.0",
        "@typescript-eslint/parser": "^6.21.0",
        "eslint": "^8.57.1",
        "tsd": "^0.32.0",
        "typescript": "^5.2.2 <5.4.0"
      }
    },
    "node_modules/js-base64": {
      "version": "3.9.1",
      "resolved": "https://registry.npmjs.org/js-base64/-/js-base64-3.9.1.tgz",
      "integrity": "sha512-U73qptcvf/HIOauFOmqT3a0mDUp0MYlfd15oqoe9kqZt5XhiXVb+HG09sLvI9PQ9tZIBFS4nlErai8zbWazP0g==",
      "license": "BSD-3-Clause"
    },
    "node_modules/miniprogram-api-typings": {
      "resolved": "../node_modules/.pnpm/miniprogram-api-typings@5.2.1/node_modules/miniprogram-api-typings",
      "link": true
    }
  }
}
